
Microsoft Visual Studio Solution File, Format Version 12.00
# Visual Studio Version 16
VisualStudioVersion = 16.0.28729.10
MinimumVisualStudioVersion = 10.0.40219.1
Project("{9A19103F-16F7-4668-BE54-9A1E7A4F7556}") = "GenerateRandomNumbers", "GenerateRandomNumbers\GenerateRandomNumbers.csproj", "{9027728B-91FF-4008-879F-AB181428EEFC}"
EndProject
Project("{FAE04EC0-301F-11D3-BF4B-00C04F79EFBC}") = "GreenShade.Wpf.WcfService", "WpfWcf\GreenShade.Wpf.WcfService.csproj", "{F459EBBC-9AB1-4D27-8CAA-C7FE408FFD1A}"
EndProject
Global
	GlobalSection(SolutionConfigurationPlatforms) = preSolution
		Debug|Any CPU = Debug|Any CPU
		Release|Any CPU = Release|Any CPU
	EndGlobalSection
	GlobalSection(ProjectConfigurationPlatforms) = postSolution
		{9027728B-91FF-4008-879F-AB181428EEFC}.Debug|Any CPU.ActiveCfg = Debug|Any CPU
		{9027728B-91FF-4008-879F-AB181428EEFC}.Debug|Any CPU.Build.0 = Debug|Any CPU
		{9027728B-91FF-4008-879F-AB181428EEFC}.Release|Any CPU.ActiveCfg = Release|Any CPU
		{9027728B-91FF-4008-879F-AB181428EEFC}.Release|Any CPU.Build.0 = Release|Any CPU
		{F459EBBC-9AB1-4D27-8CAA-C7FE408FFD1A}.Debug|Any CPU.ActiveCfg = Debug|Any CPU
		{F459EBBC-9AB1-4D27-8CAA-C7FE408FFD1A}.Debug|Any CPU.Build.0 = Debug|Any CPU
		{F459EBBC-9AB1-4D27-8CAA-C7FE408FFD1A}.Release|Any CPU.ActiveCfg = Release|Any CPU
		{F459EBBC-9AB1-4D27-8CAA-C7FE408FFD1A}.Release|Any CPU.Build.0 = Release|Any CPU
	EndGlobalSection
	GlobalSection(SolutionProperties) = preSolution
		HideSolutionNode = FALSE
	EndGlobalSection
	GlobalSection(ExtensibilityGlobals) = postSolution
		SolutionGuid = {C28E8C45-1B64-4A6E-91CD-B9A0F55F5E51}
	EndGlobalSection
EndGlobal
