
Microsoft Visual Studio Solution File, Format Version 12.00
# Visual Studio Version 16
VisualStudioVersion = 16.0.28729.10
MinimumVisualStudioVersion = 10.0.40219.1
Project("{FAE04EC0-301F-11D3-BF4B-00C04F79EFBC}") = "GreenShade.Wpf.WcfService", "GreenShade.Wpf.WcfService\GreenShade.Wpf.WcfService.csproj", "{F459EBBC-9AB1-4D27-8CAA-C7FE408FFD1A}"
EndProject
Project("{FAE04EC0-301F-11D3-BF4B-00C04F79EFBC}") = "GreenShade.UWP.CortanaController", "GreenShade.UWP.CortanaController\GreenShade.UWP.CortanaController.csproj", "{FE0091E1-50C3-48D2-ACD8-5B8F3702B0C6}"
EndProject
Project("{FAE04EC0-301F-11D3-BF4B-00C04F79EFBC}") = "GreenShade.UWP.RT.VoiceCommandService", "GreenShade.UWP.RT.VoiceCommandService\GreenShade.UWP.RT.VoiceCommandService.csproj", "{9AF59B54-9D53-41FA-9AE1-A0B712F941BF}"
EndProject
Project("{FAE04EC0-301F-11D3-BF4B-00C04F79EFBC}") = "GreenShade.UWP.GamepadController", "GreenShade.UWP.GamepadController\GreenShade.UWP.GamepadController.csproj", "{D0AC6C96-FB56-4FB6-A667-5F64BF1B8B3A}"
EndProject
Global
	GlobalSection(SolutionConfigurationPlatforms) = preSolution
		Debug|Any CPU = Debug|Any CPU
		Debug|ARM = Debug|ARM
		Debug|ARM64 = Debug|ARM64
		Debug|x64 = Debug|x64
		Debug|x86 = Debug|x86
		Release|Any CPU = Release|Any CPU
		Release|ARM = Release|ARM
		Release|ARM64 = Release|ARM64
		Release|x64 = Release|x64
		Release|x86 = Release|x86
	EndGlobalSection
	GlobalSection(ProjectConfigurationPlatforms) = postSolution
		{F459EBBC-9AB1-4D27-8CAA-C7FE408FFD1A}.Debug|Any CPU.ActiveCfg = Debug|Any CPU
		{F459EBBC-9AB1-4D27-8CAA-C7FE408FFD1A}.Debug|Any CPU.Build.0 = Debug|Any CPU
		{F459EBBC-9AB1-4D27-8CAA-C7FE408FFD1A}.Debug|ARM.ActiveCfg = Debug|Any CPU
		{F459EBBC-9AB1-4D27-8CAA-C7FE408FFD1A}.Debug|ARM.Build.0 = Debug|Any CPU
		{F459EBBC-9AB1-4D27-8CAA-C7FE408FFD1A}.Debug|ARM64.ActiveCfg = Debug|Any CPU
		{F459EBBC-9AB1-4D27-8CAA-C7FE408FFD1A}.Debug|ARM64.Build.0 = Debug|Any CPU
		{F459EBBC-9AB1-4D27-8CAA-C7FE408FFD1A}.Debug|x64.ActiveCfg = Debug|Any CPU
		{F459EBBC-9AB1-4D27-8CAA-C7FE408FFD1A}.Debug|x64.Build.0 = Debug|Any CPU
		{F459EBBC-9AB1-4D27-8CAA-C7FE408FFD1A}.Debug|x86.ActiveCfg = Debug|Any CPU
		{F459EBBC-9AB1-4D27-8CAA-C7FE408FFD1A}.Debug|x86.Build.0 = Debug|Any CPU
		{F459EBBC-9AB1-4D27-8CAA-C7FE408FFD1A}.Release|Any CPU.ActiveCfg = Release|Any CPU
		{F459EBBC-9AB1-4D27-8CAA-C7FE408FFD1A}.Release|Any CPU.Build.0 = Release|Any CPU
		{F459EBBC-9AB1-4D27-8CAA-C7FE408FFD1A}.Release|ARM.ActiveCfg = Release|Any CPU
		{F459EBBC-9AB1-4D27-8CAA-C7FE408FFD1A}.Release|ARM.Build.0 = Release|Any CPU
		{F459EBBC-9AB1-4D27-8CAA-C7FE408FFD1A}.Release|ARM64.ActiveCfg = Release|Any CPU
		{F459EBBC-9AB1-4D27-8CAA-C7FE408FFD1A}.Release|ARM64.Build.0 = Release|Any CPU
		{F459EBBC-9AB1-4D27-8CAA-C7FE408FFD1A}.Release|x64.ActiveCfg = Release|Any CPU
		{F459EBBC-9AB1-4D27-8CAA-C7FE408FFD1A}.Release|x64.Build.0 = Release|Any CPU
		{F459EBBC-9AB1-4D27-8CAA-C7FE408FFD1A}.Release|x86.ActiveCfg = Release|Any CPU
		{F459EBBC-9AB1-4D27-8CAA-C7FE408FFD1A}.Release|x86.Build.0 = Release|Any CPU
		{FE0091E1-50C3-48D2-ACD8-5B8F3702B0C6}.Debug|Any CPU.ActiveCfg = Debug|x86
		{FE0091E1-50C3-48D2-ACD8-5B8F3702B0C6}.Debug|ARM.ActiveCfg = Debug|ARM
		{FE0091E1-50C3-48D2-ACD8-5B8F3702B0C6}.Debug|ARM.Build.0 = Debug|ARM
		{FE0091E1-50C3-48D2-ACD8-5B8F3702B0C6}.Debug|ARM.Deploy.0 = Debug|ARM
		{FE0091E1-50C3-48D2-ACD8-5B8F3702B0C6}.Debug|ARM64.ActiveCfg = Debug|ARM64
		{FE0091E1-50C3-48D2-ACD8-5B8F3702B0C6}.Debug|ARM64.Build.0 = Debug|ARM64
		{FE0091E1-50C3-48D2-ACD8-5B8F3702B0C6}.Debug|ARM64.Deploy.0 = Debug|ARM64
		{FE0091E1-50C3-48D2-ACD8-5B8F3702B0C6}.Debug|x64.ActiveCfg = Debug|x64
		{FE0091E1-50C3-48D2-ACD8-5B8F3702B0C6}.Debug|x64.Build.0 = Debug|x64
		{FE0091E1-50C3-48D2-ACD8-5B8F3702B0C6}.Debug|x64.Deploy.0 = Debug|x64
		{FE0091E1-50C3-48D2-ACD8-5B8F3702B0C6}.Debug|x86.ActiveCfg = Debug|x86
		{FE0091E1-50C3-48D2-ACD8-5B8F3702B0C6}.Debug|x86.Build.0 = Debug|x86
		{FE0091E1-50C3-48D2-ACD8-5B8F3702B0C6}.Debug|x86.Deploy.0 = Debug|x86
		{FE0091E1-50C3-48D2-ACD8-5B8F3702B0C6}.Release|Any CPU.ActiveCfg = Release|x86
		{FE0091E1-50C3-48D2-ACD8-5B8F3702B0C6}.Release|ARM.ActiveCfg = Release|ARM
		{FE0091E1-50C3-48D2-ACD8-5B8F3702B0C6}.Release|ARM.Build.0 = Release|ARM
		{FE0091E1-50C3-48D2-ACD8-5B8F3702B0C6}.Release|ARM.Deploy.0 = Release|ARM
		{FE0091E1-50C3-48D2-ACD8-5B8F3702B0C6}.Release|ARM64.ActiveCfg = Release|ARM64
		{FE0091E1-50C3-48D2-ACD8-5B8F3702B0C6}.Release|ARM64.Build.0 = Release|ARM64
		{FE0091E1-50C3-48D2-ACD8-5B8F3702B0C6}.Release|ARM64.Deploy.0 = Release|ARM64
		{FE0091E1-50C3-48D2-ACD8-5B8F3702B0C6}.Release|x64.ActiveCfg = Release|x64
		{FE0091E1-50C3-48D2-ACD8-5B8F3702B0C6}.Release|x64.Build.0 = Release|x64
		{FE0091E1-50C3-48D2-ACD8-5B8F3702B0C6}.Release|x64.Deploy.0 = Release|x64
		{FE0091E1-50C3-48D2-ACD8-5B8F3702B0C6}.Release|x86.ActiveCfg = Release|x86
		{FE0091E1-50C3-48D2-ACD8-5B8F3702B0C6}.Release|x86.Build.0 = Release|x86
		{FE0091E1-50C3-48D2-ACD8-5B8F3702B0C6}.Release|x86.Deploy.0 = Release|x86
		{9AF59B54-9D53-41FA-9AE1-A0B712F941BF}.Debug|Any CPU.ActiveCfg = Debug|Any CPU
		{9AF59B54-9D53-41FA-9AE1-A0B712F941BF}.Debug|Any CPU.Build.0 = Debug|Any CPU
		{9AF59B54-9D53-41FA-9AE1-A0B712F941BF}.Debug|ARM.ActiveCfg = Debug|ARM
		{9AF59B54-9D53-41FA-9AE1-A0B712F941BF}.Debug|ARM.Build.0 = Debug|ARM
		{9AF59B54-9D53-41FA-9AE1-A0B712F941BF}.Debug|ARM64.ActiveCfg = Debug|ARM64
		{9AF59B54-9D53-41FA-9AE1-A0B712F941BF}.Debug|ARM64.Build.0 = Debug|ARM64
		{9AF59B54-9D53-41FA-9AE1-A0B712F941BF}.Debug|x64.ActiveCfg = Debug|x64
		{9AF59B54-9D53-41FA-9AE1-A0B712F941BF}.Debug|x64.Build.0 = Debug|x64
		{9AF59B54-9D53-41FA-9AE1-A0B712F941BF}.Debug|x86.ActiveCfg = Debug|x86
		{9AF59B54-9D53-41FA-9AE1-A0B712F941BF}.Debug|x86.Build.0 = Debug|x86
		{9AF59B54-9D53-41FA-9AE1-A0B712F941BF}.Release|Any CPU.ActiveCfg = Release|Any CPU
		{9AF59B54-9D53-41FA-9AE1-A0B712F941BF}.Release|Any CPU.Build.0 = Release|Any CPU
		{9AF59B54-9D53-41FA-9AE1-A0B712F941BF}.Release|ARM.ActiveCfg = Release|ARM
		{9AF59B54-9D53-41FA-9AE1-A0B712F941BF}.Release|ARM.Build.0 = Release|ARM
		{9AF59B54-9D53-41FA-9AE1-A0B712F941BF}.Release|ARM64.ActiveCfg = Release|ARM64
		{9AF59B54-9D53-41FA-9AE1-A0B712F941BF}.Release|ARM64.Build.0 = Release|ARM64
		{9AF59B54-9D53-41FA-9AE1-A0B712F941BF}.Release|x64.ActiveCfg = Release|x64
		{9AF59B54-9D53-41FA-9AE1-A0B712F941BF}.Release|x64.Build.0 = Release|x64
		{9AF59B54-9D53-41FA-9AE1-A0B712F941BF}.Release|x86.ActiveCfg = Release|x86
		{9AF59B54-9D53-41FA-9AE1-A0B712F941BF}.Release|x86.Build.0 = Release|x86
		{D0AC6C96-FB56-4FB6-A667-5F64BF1B8B3A}.Debug|Any CPU.ActiveCfg = Debug|x86
		{D0AC6C96-FB56-4FB6-A667-5F64BF1B8B3A}.Debug|ARM.ActiveCfg = Debug|ARM
		{D0AC6C96-FB56-4FB6-A667-5F64BF1B8B3A}.Debug|ARM.Build.0 = Debug|ARM
		{D0AC6C96-FB56-4FB6-A667-5F64BF1B8B3A}.Debug|ARM.Deploy.0 = Debug|ARM
		{D0AC6C96-FB56-4FB6-A667-5F64BF1B8B3A}.Debug|ARM64.ActiveCfg = Debug|ARM64
		{D0AC6C96-FB56-4FB6-A667-5F64BF1B8B3A}.Debug|ARM64.Build.0 = Debug|ARM64
		{D0AC6C96-FB56-4FB6-A667-5F64BF1B8B3A}.Debug|ARM64.Deploy.0 = Debug|ARM64
		{D0AC6C96-FB56-4FB6-A667-5F64BF1B8B3A}.Debug|x64.ActiveCfg = Debug|x64
		{D0AC6C96-FB56-4FB6-A667-5F64BF1B8B3A}.Debug|x64.Build.0 = Debug|x64
		{D0AC6C96-FB56-4FB6-A667-5F64BF1B8B3A}.Debug|x64.Deploy.0 = Debug|x64
		{D0AC6C96-FB56-4FB6-A667-5F64BF1B8B3A}.Debug|x86.ActiveCfg = Debug|x86
		{D0AC6C96-FB56-4FB6-A667-5F64BF1B8B3A}.Debug|x86.Build.0 = Debug|x86
		{D0AC6C96-FB56-4FB6-A667-5F64BF1B8B3A}.Debug|x86.Deploy.0 = Debug|x86
		{D0AC6C96-FB56-4FB6-A667-5F64BF1B8B3A}.Release|Any CPU.ActiveCfg = Release|x86
		{D0AC6C96-FB56-4FB6-A667-5F64BF1B8B3A}.Release|ARM.ActiveCfg = Release|ARM
		{D0AC6C96-FB56-4FB6-A667-5F64BF1B8B3A}.Release|ARM.Build.0 = Release|ARM
		{D0AC6C96-FB56-4FB6-A667-5F64BF1B8B3A}.Release|ARM.Deploy.0 = Release|ARM
		{D0AC6C96-FB56-4FB6-A667-5F64BF1B8B3A}.Release|ARM64.ActiveCfg = Release|ARM64
		{D0AC6C96-FB56-4FB6-A667-5F64BF1B8B3A}.Release|ARM64.Build.0 = Release|ARM64
		{D0AC6C96-FB56-4FB6-A667-5F64BF1B8B3A}.Release|ARM64.Deploy.0 = Release|ARM64
		{D0AC6C96-FB56-4FB6-A667-5F64BF1B8B3A}.Release|x64.ActiveCfg = Release|x64
		{D0AC6C96-FB56-4FB6-A667-5F64BF1B8B3A}.Release|x64.Build.0 = Release|x64
		{D0AC6C96-FB56-4FB6-A667-5F64BF1B8B3A}.Release|x64.Deploy.0 = Release|x64
		{D0AC6C96-FB56-4FB6-A667-5F64BF1B8B3A}.Release|x86.ActiveCfg = Release|x86
		{D0AC6C96-FB56-4FB6-A667-5F64BF1B8B3A}.Release|x86.Build.0 = Release|x86
		{D0AC6C96-FB56-4FB6-A667-5F64BF1B8B3A}.Release|x86.Deploy.0 = Release|x86
	EndGlobalSection
	GlobalSection(SolutionProperties) = preSolution
		HideSolutionNode = FALSE
	EndGlobalSection
	GlobalSection(ExtensibilityGlobals) = postSolution
		SolutionGuid = {C28E8C45-1B64-4A6E-91CD-B9A0F55F5E51}
	EndGlobalSection
EndGlobal
